
Microsoft Visual Studio Solution File, Format Version 11.00
# Visual Studio 2010
Project("{FAE04EC0-301F-11D3-BF4B-00C04F79EFBC}") = "DamageNumbersPro", "DamageNumbersPro.csproj", "{b4ff88f4-9c52-dffd-a727-bf5e380d013a}"
EndProject
Project("{FAE04EC0-301F-11D3-BF4B-00C04F79EFBC}") = "Assembly-CSharp", "Assembly-CSharp.csproj", "{3a0269f1-5e4b-d975-f85e-2b420fefe326}"
EndProject
Project("{FAE04EC0-301F-11D3-BF4B-00C04F79EFBC}") = "Assembly-CSharp-firstpass", "Assembly-CSharp-firstpass.csproj", "{7c50d522-fa3b-a277-b112-66025b728849}"
EndProject
Project("{FAE04EC0-301F-11D3-BF4B-00C04F79EFBC}") = "Assembly-CSharp-Editor-firstpass", "Assembly-CSharp-Editor-firstpass.csproj", "{8839a989-2858-3a29-2036-11c215e81d5a}"
EndProject
Global
	GlobalSection(SolutionConfigurationPlatforms) = preSolution
		Debug|Any CPU = Debug|Any CPU
	EndGlobalSection
	GlobalSection(ProjectConfigurationPlatforms) = postSolution
		{b4ff88f4-9c52-dffd-a727-bf5e380d013a}.Debug|Any CPU.ActiveCfg = Debug|Any CPU
		{b4ff88f4-9c52-dffd-a727-bf5e380d013a}.Debug|Any CPU.Build.0 = Debug|Any CPU
		{3a0269f1-5e4b-d975-f85e-2b420fefe326}.Debug|Any CPU.ActiveCfg = Debug|Any CPU
		{3a0269f1-5e4b-d975-f85e-2b420fefe326}.Debug|Any CPU.Build.0 = Debug|Any CPU
		{7c50d522-fa3b-a277-b112-66025b728849}.Debug|Any CPU.ActiveCfg = Debug|Any CPU
		{7c50d522-fa3b-a277-b112-66025b728849}.Debug|Any CPU.Build.0 = Debug|Any CPU
		{8839a989-2858-3a29-2036-11c215e81d5a}.Debug|Any CPU.ActiveCfg = Debug|Any CPU
		{8839a989-2858-3a29-2036-11c215e81d5a}.Debug|Any CPU.Build.0 = Debug|Any CPU
	EndGlobalSection
	GlobalSection(SolutionProperties) = preSolution
		HideSolutionNode = FALSE
	EndGlobalSection
EndGlobal
